
Microsoft Visual Studio Solution File, Format Version 12.00
# Visual Studio Version 17
VisualStudioVersion = 17.6.33829.357
MinimumVisualStudioVersion = 10.0.40219.1
Project("{9A19103F-16F7-4668-BE54-9A1E7A4F7556}") = "WebApplication1", "WebApplication1\WebApplication1.csproj", "{86DD9918-62CE-49E7-8601-26ABAF887C27}"
EndProject
Global
	GlobalSection(SolutionConfigurationPlatforms) = preSolution
		Debug|Any CPU = Debug|Any CPU
		Release|Any CPU = Release|Any CPU
	EndGlobalSection
	GlobalSection(ProjectConfigurationPlatforms) = postSolution
		{86DD9918-62CE-49E7-8601-26ABAF887C27}.Debug|Any CPU.ActiveCfg = Debug|Any CPU
		{86DD9918-62CE-49E7-8601-26ABAF887C27}.Debug|Any CPU.Build.0 = Debug|Any CPU
		{86DD9918-62CE-49E7-8601-26ABAF887C27}.Release|Any CPU.ActiveCfg = Release|Any CPU
		{86DD9918-62CE-49E7-8601-26ABAF887C27}.Release|Any CPU.Build.0 = Release|Any CPU
	EndGlobalSection
	GlobalSection(SolutionProperties) = preSolution
		HideSolutionNode = FALSE
	EndGlobalSection
	GlobalSection(ExtensibilityGlobals) = postSolution
		SolutionGuid = {C66ADF8A-38A6-40FC-96FE-A104D9C97BB3}
	EndGlobalSection
EndGlobal
